
Microsoft Visual Studio Solution File, Format Version 12.00
# Visual Studio 15
VisualStudioVersion = 15.0.28307.1259
MinimumVisualStudioVersion = 10.0.40219.1
Project("{FAE04EC0-301F-11D3-BF4B-00C04F79EFBC}") = "SQLandMVCTest", "SQLandMVCTest\SQLandMVCTest.csproj", "{98688307-7C35-47E8-9B1A-3CA0EB86C0F4}"
EndProject
Project("{FAE04EC0-301F-11D3-BF4B-00C04F79EFBC}") = "SQLandMVCTest.Tests", "SQLandMVCTest.Tests\SQLandMVCTest.Tests.csproj", "{A6BC3816-9D8B-4A2E-B881-B1FD6F1406CE}"
EndProject
Global
	GlobalSection(SolutionConfigurationPlatforms) = preSolution
		Debug|Any CPU = Debug|Any CPU
		Release|Any CPU = Release|Any CPU
	EndGlobalSection
	GlobalSection(ProjectConfigurationPlatforms) = postSolution
		{98688307-7C35-47E8-9B1A-3CA0EB86C0F4}.Debug|Any CPU.ActiveCfg = Debug|Any CPU
		{98688307-7C35-47E8-9B1A-3CA0EB86C0F4}.Debug|Any CPU.Build.0 = Debug|Any CPU
		{98688307-7C35-47E8-9B1A-3CA0EB86C0F4}.Release|Any CPU.ActiveCfg = Release|Any CPU
		{98688307-7C35-47E8-9B1A-3CA0EB86C0F4}.Release|Any CPU.Build.0 = Release|Any CPU
		{A6BC3816-9D8B-4A2E-B881-B1FD6F1406CE}.Debug|Any CPU.ActiveCfg = Debug|Any CPU
		{A6BC3816-9D8B-4A2E-B881-B1FD6F1406CE}.Debug|Any CPU.Build.0 = Debug|Any CPU
		{A6BC3816-9D8B-4A2E-B881-B1FD6F1406CE}.Release|Any CPU.ActiveCfg = Release|Any CPU
		{A6BC3816-9D8B-4A2E-B881-B1FD6F1406CE}.Release|Any CPU.Build.0 = Release|Any CPU
	EndGlobalSection
	GlobalSection(SolutionProperties) = preSolution
		HideSolutionNode = FALSE
	EndGlobalSection
	GlobalSection(ExtensibilityGlobals) = postSolution
		SolutionGuid = {46EDABC0-465B-44E1-A211-0B8C763920E0}
	EndGlobalSection
EndGlobal
